// !$*UTF8*$!
{
	archiveVersion = 1;
	classes = {
	};
	objectVersion = 46;
	objects = {

/* Begin PBXBuildFile section */
		2D836C951EE43093005AA2AA /* AppDelegate.swift in Sources */ = {isa = PBXBuildFile; fileRef = 2D836C941EE43093005AA2AA /* AppDelegate.swift */; };
		2D836C971EE43093005AA2AA /* ViewController.swift in Sources */ = {isa = PBXBuildFile; fileRef = 2D836C961EE43093005AA2AA /* ViewController.swift */; };
		2D836C9A1EE43093005AA2AA /* Main.storyboard in Resources */ = {isa = PBXBuildFile; fileRef = 2D836C981EE43093005AA2AA /* Main.storyboard */; };
		2D836C9C1EE43093005AA2AA /* Assets.xcassets in Resources */ = {isa = PBXBuildFile; fileRef = 2D836C9B1EE43093005AA2AA /* Assets.xcassets */; };
		2D836C9F1EE43093005AA2AA /* LaunchScreen.storyboard in Resources */ = {isa = PBXBuildFile; fileRef = 2D836C9D1EE43093005AA2AA /* LaunchScreen.storyboard */; };
		2D836CAA1EE43093005AA2AA /* Swift_0005_ErrorHandlingTests.swift in Sources */ = {isa = PBXBuildFile; fileRef = 2D836CA91EE43093005AA2AA /* Swift_0005_ErrorHandlingTests.swift */; };
		2D836CB51EE43093005AA2AA /* Swift_0005_ErrorHandlingUITests.swift in Sources */ = {isa = PBXBuildFile; fileRef = 2D836CB41EE43093005AA2AA /* Swift_0005_ErrorHandlingUITests.swift */; };
/* End PBXBuildFile section */

/* Begin PBXContainerItemProxy section */
		2D836CA61EE43093005AA2AA /* PBXContainerItemProxy */ = {
			isa = PBXContainerItemProxy;
			containerPortal = 2D836C891EE43093005AA2AA /* Project object */;
			proxyType = 1;
			remoteGlobalIDString = 2D836C901EE43093005AA2AA;
			remoteInfo = "Swift-0005-ErrorHandling";
		};
		2D836CB11EE43093005AA2AA /* PBXContainerItemProxy */ = {
			isa = PBXContainerItemProxy;
			containerPortal = 2D836C891EE43093005AA2AA /* Project object */;
			proxyType = 1;
			remoteGlobalIDString = 2D836C901EE43093005AA2AA;
			remoteInfo = "Swift-0005-ErrorHandling";
		};
/* End PBXContainerItemProxy section */

/* Begin PBXFileReference section */
		2D836C911EE43093005AA2AA /* Swift-0005-ErrorHandling.app */ = {isa = PBXFileReference; explicitFileType = wrapper.application; includeInIndex = 0; path = "Swift-0005-ErrorHandling.app"; sourceTree = BUILT_PRODUCTS_DIR; };
		2D836C941EE43093005AA2AA /* AppDelegate.swift */ = {isa = PBXFileReference; lastKnownFileType = sourcecode.swift; path = AppDelegate.swift; sourceTree = "<group>"; };
		2D836C961EE43093005AA2AA /* ViewController.swift */ = {isa = PBXFileReference; lastKnownFileType = sourcecode.swift; path = ViewController.swift; sourceTree = "<group>"; };
		2D836C991EE43093005AA2AA /* Base */ = {isa = PBXFileReference; lastKnownFileType = file.storyboard; name = Base; path = Base.lproj/Main.storyboard; sourceTree = "<group>"; };
		2D836C9B1EE43093005AA2AA /* Assets.xcassets */ = {isa = PBXFileReference; lastKnownFileType = folder.assetcatalog; path = Assets.xcassets; sourceTree = "<group>"; };
		2D836C9E1EE43093005AA2AA /* Base */ = {isa = PBXFileReference; lastKnownFileType = file.storyboard; name = Base; path = Base.lproj/LaunchScreen.storyboard; sourceTree = "<group>"; };
		2D836CA01EE43093005AA2AA /* Info.plist */ = {isa = PBXFileReference; lastKnownFileType = text.plist.xml; path = Info.plist; sourceTree = "<group>"; };
		2D836CA51EE43093005AA2AA /* Swift-0005-ErrorHandlingTests.xctest */ = {isa = PBXFileReference; explicitFileType = wrapper.cfbundle; includeInIndex = 0; path = "Swift-0005-ErrorHandlingTests.xctest"; sourceTree = BUILT_PRODUCTS_DIR; };
		2D836CA91EE43093005AA2AA /* Swift_0005_ErrorHandlingTests.swift */ = {isa = PBXFileReference; lastKnownFileType = sourcecode.swift; path = Swift_0005_ErrorHandlingTests.swift; sourceTree = "<group>"; };
		2D836CAB1EE43093005AA2AA /* Info.plist */ = {isa = PBXFileReference; lastKnownFileType = text.plist.xml; path = Info.plist; sourceTree = "<group>"; };
		2D836CB01EE43093005AA2AA /* Swift-0005-ErrorHandlingUITests.xctest */ = {isa = PBXFileReference; explicitFileType = wrapper.cfbundle; includeInIndex = 0; path = "Swift-0005-ErrorHandlingUITests.xctest"; sourceTree = BUILT_PRODUCTS_DIR; };
		2D836CB41EE43093005AA2AA /* Swift_0005_ErrorHandlingUITests.swift */ = {isa = PBXFileReference; lastKnownFileType = sourcecode.swift; path = Swift_0005_ErrorHandlingUITests.swift; sourceTree = "<group>"; };
		2D836CB61EE43093005AA2AA /* Info.plist */ = {isa = PBXFileReference; lastKnownFileType = text.plist.xml; path = Info.plist; sourceTree = "<group>"; };
/* End PBXFileReference section */

/* Begin PBXFrameworksBuildPhase section */
		2D836C8E1EE43093005AA2AA /* Frameworks */ = {
			isa = PBXFrameworksBuildPhase;
			buildActionMask = 2147483647;
			files = (
			);
			runOnlyForDeploymentPostprocessing = 0;
		};
		2D836CA21EE43093005AA2AA /* Frameworks */ = {
			isa = PBXFrameworksBuildPhase;
			buildActionMask = 2147483647;
			files = (
			);
			runOnlyForDeploymentPostprocessing = 0;
		};
		2D836CAD1EE43093005AA2AA /* Frameworks */ = {
			isa = PBXFrameworksBuildPhase;
			buildActionMask = 2147483647;
			files = (
			);
			runOnlyForDeploymentPostprocessing = 0;
		};
/* End PBXFrameworksBuildPhase section */

/* Begin PBXGroup section */
		2D836C881EE43093005AA2AA = {
			isa = PBXGroup;
			children = (
				2D836C931EE43093005AA2AA /* Swift-0005-ErrorHandling */,
				2D836CA81EE43093005AA2AA /* Swift-0005-ErrorHandlingTests */,
				2D836CB31EE43093005AA2AA /* Swift-0005-ErrorHandlingUITests */,
				2D836C921EE43093005AA2AA /* Products */,
			);
			sourceTree = "<group>";
		};
		2D836C921EE43093005AA2AA /* Products */ = {
			isa = PBXGroup;
			children = (
				2D836C911EE43093005AA2AA /* Swift-0005-ErrorHandling.app */,
				2D836CA51EE43093005AA2AA /* Swift-0005-ErrorHandlingTests.xctest */,
				2D836CB01EE43093005AA2AA /* Swift-0005-ErrorHandlingUITests.xctest */,
			);
			name = Products;
			sourceTree = "<group>";
		};
		2D836C931EE43093005AA2AA /* Swift-0005-ErrorHandling */ = {
			isa = PBXGroup;
			children = (
				2D836C941EE43093005AA2AA /* AppDelegate.swift */,
				2D836C961EE43093005AA2AA /* ViewController.swift */,
				2D836C981EE43093005AA2AA /* Main.storyboard */,
				2D836C9B1EE43093005AA2AA /* Assets.xcassets */,
				2D836C9D1EE43093005AA2AA /* LaunchScreen.storyboard */,
				2D836CA01EE43093005AA2AA /* Info.plist */,
			);
			path = "Swift-0005-ErrorHandling";
			sourceTree = "<group>";
		};
		2D836CA81EE43093005AA2AA /* Swift-0005-ErrorHandlingTests */ = {
			isa = PBXGroup;
			children = (
				2D836CA91EE43093005AA2AA /* Swift_0005_ErrorHandlingTests.swift */,
				2D836CAB1EE43093005AA2AA /* Info.plist */,
			);
			path = "Swift-0005-ErrorHandlingTests";
			sourceTree = "<group>";
		};
		2D836CB31EE43093005AA2AA /* Swift-0005-ErrorHandlingUITests */ = {
			isa = PBXGroup;
			children = (
				2D836CB41EE43093005AA2AA /* Swift_0005_ErrorHandlingUITests.swift */,
				2D836CB61EE43093005AA2AA /* Info.plist */,
			);
			path = "Swift-0005-ErrorHandlingUITests";
			sourceTree = "<group>";
		};
/* End PBXGroup section */

/* Begin PBXNativeTarget section */
		2D836C901EE43093005AA2AA /* Swift-0005-ErrorHandling */ = {
			isa = PBXNativeTarget;
			buildConfigurationList = 2D836CB91EE43093005AA2AA /* Build configuration list for PBXNativeTarget "Swift-0005-ErrorHandling" */;
			buildPhases = (
				2D836C8D1EE43093005AA2AA /* Sources */,
				2D836C8E1EE43093005AA2AA /* Frameworks */,
				2D836C8F1EE43093005AA2AA /* Resources */,
			);
			buildRules = (
			);
			dependencies = (
			);
			name = "Swift-0005-ErrorHandling";
			productName = "Swift-0005-ErrorHandling";
			productReference = 2D836C911EE43093005AA2AA /* Swift-0005-ErrorHandling.app */;
			productType = "com.apple.product-type.application";
		};
		2D836CA41EE43093005AA2AA /* Swift-0005-ErrorHandlingTests */ = {
			isa = PBXNativeTarget;
			buildConfigurationList = 2D836CBC1EE43093005AA2AA /* Build configuration list for PBXNativeTarget "Swift-0005-ErrorHandlingTests" */;
			buildPhases = (
				2D836CA11EE43093005AA2AA /* Sources */,
				2D836CA21EE43093005AA2AA /* Frameworks */,
				2D836CA31EE43093005AA2AA /* Resources */,
			);
			buildRules = (
			);
			dependencies = (
				2D836CA71EE43093005AA2AA /* PBXTargetDependency */,
			);
			name = "Swift-0005-ErrorHandlingTests";
			productName = "Swift-0005-ErrorHandlingTests";
			productReference = 2D836CA51EE43093005AA2AA /* Swift-0005-ErrorHandlingTests.xctest */;
			productType = "com.apple.product-type.bundle.unit-test";
		};
		2D836CAF1EE43093005AA2AA /* Swift-0005-ErrorHandlingUITests */ = {
			isa = PBXNativeTarget;
			buildConfigurationList = 2D836CBF1EE43093005AA2AA /* Build configuration list for PBXNativeTarget "Swift-0005-ErrorHandlingUITests" */;
			buildPhases = (
				2D836CAC1EE43093005AA2AA /* Sources */,
				2D836CAD1EE43093005AA2AA /* Frameworks */,
				2D836CAE1EE43093005AA2AA /* Resources */,
			);
			buildRules = (
			);
			dependencies = (
				2D836CB21EE43093005AA2AA /* PBXTargetDependency */,
			);
			name = "Swift-0005-ErrorHandlingUITests";
			productName = "Swift-0005-ErrorHandlingUITests";
			productReference = 2D836CB01EE43093005AA2AA /* Swift-0005-ErrorHandlingUITests.xctest */;
			productType = "com.apple.product-type.bundle.ui-testing";
		};
/* End PBXNativeTarget section */

/* Begin PBXProject section */
		2D836C891EE43093005AA2AA /* Project object */ = {
			isa = PBXProject;
			attributes = {
				LastSwiftUpdateCheck = 0830;
				LastUpgradeCheck = 0830;
				ORGANIZATIONNAME = "Alan-App";
				TargetAttributes = {
					2D836C901EE43093005AA2AA = {
						CreatedOnToolsVersion = 8.3.1;
						DevelopmentTeam = 6Z764NMGW4;
						ProvisioningStyle = Automatic;
					};
					2D836CA41EE43093005AA2AA = {
						CreatedOnToolsVersion = 8.3.1;
						DevelopmentTeam = 6Z764NMGW4;
						ProvisioningStyle = Automatic;
						TestTargetID = 2D836C901EE43093005AA2AA;
					};
					2D836CAF1EE43093005AA2AA = {
						CreatedOnToolsVersion = 8.3.1;
						DevelopmentTeam = 6Z764NMGW4;
						ProvisioningStyle = Automatic;
						TestTargetID = 2D836C901EE43093005AA2AA;
					};
				};
			};
			buildConfigurationList = 2D836C8C1EE43093005AA2AA /* Build configuration list for PBXProject "Swift-0005-ErrorHandling" */;
			compatibilityVersion = "Xcode 3.2";
			developmentRegion = English;
			hasScannedForEncodings = 0;
			knownRegions = (
				en,
				Base,
			);
			mainGroup = 2D836C881EE43093005AA2AA;
			productRefGroup = 2D836C921EE43093005AA2AA /* Products */;
			projectDirPath = "";
			projectRoot = "";
			targets = (
				2D836C901EE43093005AA2AA /* Swift-0005-ErrorHandling */,
				2D836CA41EE43093005AA2AA /* Swift-0005-ErrorHandlingTests */,
				2D836CAF1EE43093005AA2AA /* Swift-0005-ErrorHandlingUITests */,
			);
		};
/* End PBXProject section */

/* Begin PBXResourcesBuildPhase section */
		2D836C8F1EE43093005AA2AA /* Resources */ = {
			isa = PBXResourcesBuildPhase;
			buildActionMask = 2147483647;
			files = (
				2D836C9F1EE43093005AA2AA /* LaunchScreen.storyboard in Resources */,
				2D836C9C1EE43093005AA2AA /* Assets.xcassets in Resources */,
				2D836C9A1EE43093005AA2AA /* Main.storyboard in Resources */,
			);
			runOnlyForDeploymentPostprocessing = 0;
		};
		2D836CA31EE43093005AA2AA /* Resources */ = {
			isa = PBXResourcesBuildPhase;
			buildActionMask = 2147483647;
			files = (
			);
			runOnlyForDeploymentPostprocessing = 0;
		};
		2D836CAE1EE43093005AA2AA /* Resources */ = {
			isa = PBXResourcesBuildPhase;
			buildActionMask = 2147483647;
			files = (
			);
			runOnlyForDeploymentPostprocessing = 0;
		};
/* End PBXResourcesBuildPhase section */

/* Begin PBXSourcesBuildPhase section */
		2D836C8D1EE43093005AA2AA /* Sources */ = {
			isa = PBXSourcesBuildPhase;
			buildActionMask = 2147483647;
			files = (
				2D836C971EE43093005AA2AA /* ViewController.swift in Sources */,
				2D836C951EE43093005AA2AA /* AppDelegate.swift in Sources */,
			);
			runOnlyForDeploymentPostprocessing = 0;
		};
		2D836CA11EE43093005AA2AA /* Sources */ = {
			isa = PBXSourcesBuildPhase;
			buildActionMask = 2147483647;
			files = (
				2D836CAA1EE43093005AA2AA /* Swift_0005_ErrorHandlingTests.swift in Sources */,
			);
			runOnlyForDeploymentPostprocessing = 0;
		};
		2D836CAC1EE43093005AA2AA /* Sources */ = {
			isa = PBXSourcesBuildPhase;
			buildActionMask = 2147483647;
			files = (
				2D836CB51EE43093005AA2AA /* Swift_0005_ErrorHandlingUITests.swift in Sources */,
			);
			runOnlyForDeploymentPostprocessing = 0;
		};
/* End PBXSourcesBuildPhase section */

/* Begin PBXTargetDependency section */
		2D836CA71EE43093005AA2AA /* PBXTargetDependency */ = {
			isa = PBXTargetDependency;
			target = 2D836C901EE43093005AA2AA /* Swift-0005-ErrorHandling */;
			targetProxy = 2D836CA61EE43093005AA2AA /* PBXContainerItemProxy */;
		};
		2D836CB21EE43093005AA2AA /* PBXTargetDependency */ = {
			isa = PBXTargetDependency;
			target = 2D836C901EE43093005AA2AA /* Swift-0005-ErrorHandling */;
			targetProxy = 2D836CB11EE43093005AA2AA /* PBXContainerItemProxy */;
		};
/* End PBXTargetDependency section */

/* Begin PBXVariantGroup section */
		2D836C981EE43093005AA2AA /* Main.storyboard */ = {
			isa = PBXVariantGroup;
			children = (
				2D836C991EE43093005AA2AA /* Base */,
			);
			name = Main.storyboard;
			sourceTree = "<group>";
		};
		2D836C9D1EE43093005AA2AA /* LaunchScreen.storyboard */ = {
			isa = PBXVariantGroup;
			children = (
				2D836C9E1EE43093005AA2AA /* Base */,
			);
			name = LaunchScreen.storyboard;
			sourceTree = "<group>";
		};
/* End PBXVariantGroup section */

/* Begin XCBuildConfiguration section */
		2D836CB71EE43093005AA2AA /* Debug */ = {
			isa = XCBuildConfiguration;
			buildSettings = {
				ALWAYS_SEARCH_USER_PATHS = NO;
				CLANG_ANALYZER_NONNULL = YES;
				CLANG_ANALYZER_NUMBER_OBJECT_CONVERSION = YES_AGGRESSIVE;
				CLANG_CXX_LANGUAGE_STANDARD = "gnu++0x";
				CLANG_CXX_LIBRARY = "libc++";
				CLANG_ENABLE_MODULES = YES;
				CLANG_ENABLE_OBJC_ARC = YES;
				CLANG_WARN_BOOL_CONVERSION = YES;
				CLANG_WARN_CONSTANT_CONVERSION = YES;
				CLANG_WARN_DIRECT_OBJC_ISA_USAGE = YES_ERROR;
				CLANG_WARN_DOCUMENTATION_COMMENTS = YES;
				CLANG_WARN_EMPTY_BODY = YES;
				CLANG_WARN_ENUM_CONVERSION = YES;
				CLANG_WARN_INFINITE_RECURSION = YES;
				CLANG_WARN_INT_CONVERSION = YES;
				CLANG_WARN_OBJC_ROOT_CLASS = YES_ERROR;
				CLANG_WARN_SUSPICIOUS_MOVE = YES;
				CLANG_WARN_UNREACHABLE_CODE = YES;
				CLANG_WARN__DUPLICATE_METHOD_MATCH = YES;
				"CODE_SIGN_IDENTITY[sdk=iphoneos*]" = "iPhone Developer";
				COPY_PHASE_STRIP = NO;
				DEBUG_INFORMATION_FORMAT = dwarf;
				ENABLE_STRICT_OBJC_MSGSEND = YES;
				ENABLE_TESTABILITY = YES;
				GCC_C_LANGUAGE_STANDARD = gnu99;
				GCC_DYNAMIC_NO_PIC = NO;
				GCC_NO_COMMON_BLOCKS = YES;
				GCC_OPTIMIZATION_LEVEL = 0;
				GCC_PREPROCESSOR_DEFINITIONS = (
					"DEBUG=1",
					"$(inherited)",
				);
				GCC_WARN_64_TO_32_BIT_CONVERSION = YES;
				GCC_WARN_ABOUT_RETURN_TYPE = YES_ERROR;
				GCC_WARN_UNDECLARED_SELECTOR = YES;
				GCC_WARN_UNINITIALIZED_AUTOS = YES_AGGRESSIVE;
				GCC_WARN_UNUSED_FUNCTION = YES;
				GCC_WARN_UNUSED_VARIABLE = YES;
				IPHONEOS_DEPLOYMENT_TARGET = 10.3;
				MTL_ENABLE_DEBUG_INFO = YES;
				ONLY_ACTIVE_ARCH = YES;
				SDKROOT = iphoneos;
				SWIFT_ACTIVE_COMPILATION_CONDITIONS = DEBUG;
				SWIFT_OPTIMIZATION_LEVEL = "-Onone";
			};
			name = Debug;
		};
		2D836CB81EE43093005AA2AA /* Release */ = {
			isa = XCBuildConfiguration;
			buildSettings = {
				ALWAYS_SEARCH_USER_PATHS = NO;
				CLANG_ANALYZER_NONNULL = YES;
				CLANG_ANALYZER_NUMBER_OBJECT_CONVERSION = YES_AGGRESSIVE;
				CLANG_CXX_LANGUAGE_STANDARD = "gnu++0x";
				CLANG_CXX_LIBRARY = "libc++";
				CLANG_ENABLE_MODULES = YES;
				CLANG_ENABLE_OBJC_ARC = YES;
				CLANG_WARN_BOOL_CONVERSION = YES;
				CLANG_WARN_CONSTANT_CONVERSION = YES;
				CLANG_WARN_DIRECT_OBJC_ISA_USAGE = YES_ERROR;
				CLANG_WARN_DOCUMENTATION_COMMENTS = YES;
				CLANG_WARN_EMPTY_BODY = YES;
				CLANG_WARN_ENUM_CONVERSION = YES;
				CLANG_WARN_INFINITE_RECURSION = YES;
				CLANG_WARN_INT_CONVERSION = YES;
				CLANG_WARN_OBJC_ROOT_CLASS = YES_ERROR;
				CLANG_WARN_SUSPICIOUS_MOVE = YES;
				CLANG_WARN_UNREACHABLE_CODE = YES;
				CLANG_WARN__DUPLICATE_METHOD_MATCH = YES;
				"CODE_SIGN_IDENTITY[sdk=iphoneos*]" = "iPhone Developer";
				COPY_PHASE_STRIP = NO;
				DEBUG_INFORMATION_FORMAT = "dwarf-with-dsym";
				ENABLE_NS_ASSERTIONS = NO;
				ENABLE_STRICT_OBJC_MSGSEND = YES;
				GCC_C_LANGUAGE_STANDARD = gnu99;
				GCC_NO_COMMON_BLOCKS = YES;
				GCC_WARN_64_TO_32_BIT_CONVERSION = YES;
				GCC_WARN_ABOUT_RETURN_TYPE = YES_ERROR;
				GCC_WARN_UNDECLARED_SELECTOR = YES;
				GCC_WARN_UNINITIALIZED_AUTOS = YES_AGGRESSIVE;
				GCC_WARN_UNUSED_FUNCTION = YES;
				GCC_WARN_UNUSED_VARIABLE = YES;
				IPHONEOS_DEPLOYMENT_TARGET = 10.3;
				MTL_ENABLE_DEBUG_INFO = NO;
				SDKROOT = iphoneos;
				SWIFT_OPTIMIZATION_LEVEL = "-Owholemodule";
				VALIDATE_PRODUCT = YES;
			};
			name = Release;
		};
		2D836CBA1EE43093005AA2AA /* Debug */ = {
			isa = XCBuildConfiguration;
			buildSettings = {
				ASSETCATALOG_COMPILER_APPICON_NAME = AppIcon;
				DEVELOPMENT_TEAM = 6Z764NMGW4;
				INFOPLIST_FILE = "Swift-0005-ErrorHandling/Info.plist";
				LD_RUNPATH_SEARCH_PATHS = "$(inherited) @executable_path/Frameworks";
				PRODUCT_BUNDLE_IDENTIFIER = "Alan.Yen.Swift-0005-ErrorHandling";
				PRODUCT_NAME = "$(TARGET_NAME)";
				SWIFT_VERSION = 3.0;
			};
			name = Debug;
		};
		2D836CBB1EE43093005AA2AA /* Release */ = {
			isa = XCBuildConfiguration;
			buildSettings = {
				ASSETCATALOG_COMPILER_APPICON_NAME = AppIcon;
				DEVELOPMENT_TEAM = 6Z764NMGW4;
				INFOPLIST_FILE = "Swift-0005-ErrorHandling/Info.plist";
				LD_RUNPATH_SEARCH_PATHS = "$(inherited) @executable_path/Frameworks";
				PRODUCT_BUNDLE_IDENTIFIER = "Alan.Yen.Swift-0005-ErrorHandling";
				PRODUCT_NAME = "$(TARGET_NAME)";
				SWIFT_VERSION = 3.0;
			};
			name = Release;
		};
		2D836CBD1EE43093005AA2AA /* Debug */ = {
			isa = XCBuildConfiguration;
			buildSettings = {
				ALWAYS_EMBED_SWIFT_STANDARD_LIBRARIES = YES;
				BUNDLE_LOADER = "$(TEST_HOST)";
				DEVELOPMENT_TEAM = 6Z764NMGW4;
				INFOPLIST_FILE = "Swift-0005-ErrorHandlingTests/Info.plist";
				LD_RUNPATH_SEARCH_PATHS = "$(inherited) @executable_path/Frameworks @loader_path/Frameworks";
				PRODUCT_BUNDLE_IDENTIFIER = "Alan.Yen.Swift-0005-ErrorHandlingTests";
				PRODUCT_NAME = "$(TARGET_NAME)";
				SWIFT_VERSION = 3.0;
				TEST_HOST = "$(BUILT_PRODUCTS_DIR)/Swift-0005-ErrorHandling.app/Swift-0005-ErrorHandling";
			};
			name = Debug;
		};
		2D836CBE1EE43093005AA2AA /* Release */ = {
			isa = XCBuildConfiguration;
			buildSettings = {
				ALWAYS_EMBED_SWIFT_STANDARD_LIBRARIES = YES;
				BUNDLE_LOADER = "$(TEST_HOST)";
				DEVELOPMENT_TEAM = 6Z764NMGW4;
				INFOPLIST_FILE = "Swift-0005-ErrorHandlingTests/Info.plist";
				LD_RUNPATH_SEARCH_PATHS = "$(inherited) @executable_path/Frameworks @loader_path/Frameworks";
				PRODUCT_BUNDLE_IDENTIFIER = "Alan.Yen.Swift-0005-ErrorHandlingTests";
				PRODUCT_NAME = "$(TARGET_NAME)";
				SWIFT_VERSION = 3.0;
				TEST_HOST = "$(BUILT_PRODUCTS_DIR)/Swift-0005-ErrorHandling.app/Swift-0005-ErrorHandling";
			};
			name = Release;
		};
		2D836CC01EE43093005AA2AA /* Debug */ = {
			isa = XCBuildConfiguration;
			buildSettings = {
				ALWAYS_EMBED_SWIFT_STANDARD_LIBRARIES = YES;
				DEVELOPMENT_TEAM = 6Z764NMGW4;
				INFOPLIST_FILE = "Swift-0005-ErrorHandlingUITests/Info.plist";
				LD_RUNPATH_SEARCH_PATHS = "$(inherited) @executable_path/Frameworks @loader_path/Frameworks";
				PRODUCT_BUNDLE_IDENTIFIER = "Alan.Yen.Swift-0005-ErrorHandlingUITests";
				PRODUCT_NAME = "$(TARGET_NAME)";
				SWIFT_VERSION = 3.0;
				TEST_TARGET_NAME = "Swift-0005-ErrorHandling";
			};
			name = Debug;
		};
		2D836CC11EE43093005AA2AA /* Release */ = {
			isa = XCBuildConfiguration;
			buildSettings = {
				ALWAYS_EMBED_SWIFT_STANDARD_LIBRARIES = YES;
				DEVELOPMENT_TEAM = 6Z764NMGW4;
				INFOPLIST_FILE = "Swift-0005-ErrorHandlingUITests/Info.plist";
				LD_RUNPATH_SEARCH_PATHS = "$(inherited) @executable_path/Frameworks @loader_path/Frameworks";
				PRODUCT_BUNDLE_IDENTIFIER = "Alan.Yen.Swift-0005-ErrorHandlingUITests";
				PRODUCT_NAME = "$(TARGET_NAME)";
				SWIFT_VERSION = 3.0;
				TEST_TARGET_NAME = "Swift-0005-ErrorHandling";
			};
			name = Release;
		};
/* End XCBuildConfiguration section */

/* Begin XCConfigurationList section */
		2D836C8C1EE43093005AA2AA /* Build configuration list for PBXProject "Swift-0005-ErrorHandling" */ = {
			isa = XCConfigurationList;
			buildConfigurations = (
				2D836CB71EE43093005AA2AA /* Debug */,
				2D836CB81EE43093005AA2AA /* Release */,
			);
			defaultConfigurationIsVisible = 0;
			defaultConfigurationName = Release;
		};
		2D836CB91EE43093005AA2AA /* Build configuration list for PBXNativeTarget "Swift-0005-ErrorHandling" */ = {
			isa = XCConfigurationList;
			buildConfigurations = (
				2D836CBA1EE43093005AA2AA /* Debug */,
				2D836CBB1EE43093005AA2AA /* Release */,
			);
			defaultConfigurationIsVisible = 0;
		};
		2D836CBC1EE43093005AA2AA /* Build configuration list for PBXNativeTarget "Swift-0005-ErrorHandlingTests" */ = {
			isa = XCConfigurationList;
			buildConfigurations = (
				2D836CBD1EE43093005AA2AA /* Debug */,
				2D836CBE1EE43093005AA2AA /* Release */,
			);
			defaultConfigurationIsVisible = 0;
		};
		2D836CBF1EE43093005AA2AA /* Build configuration list for PBXNativeTarget "Swift-0005-ErrorHandlingUITests" */ = {
			isa = XCConfigurationList;
			buildConfigurations = (
				2D836CC01EE43093005AA2AA /* Debug */,
				2D836CC11EE43093005AA2AA /* Release */,
			);
			defaultConfigurationIsVisible = 0;
		};
/* End XCConfigurationList section */
	};
	rootObject = 2D836C891EE43093005AA2AA /* Project object */;
}
