// !$*UTF8*$!
{
	archiveVersion = 1;
	classes = {
	};
	objectVersion = 46;
	objects = {

/* Begin PBXBuildFile section */
		2D5FB8371EE4DF50007982DE /* AppDelegate.swift in Sources */ = {isa = PBXBuildFile; fileRef = 2D5FB8361EE4DF50007982DE /* AppDelegate.swift */; };
		2D5FB8391EE4DF50007982DE /* ViewController.swift in Sources */ = {isa = PBXBuildFile; fileRef = 2D5FB8381EE4DF50007982DE /* ViewController.swift */; };
		2D5FB83C1EE4DF50007982DE /* Main.storyboard in Resources */ = {isa = PBXBuildFile; fileRef = 2D5FB83A1EE4DF50007982DE /* Main.storyboard */; };
		2D5FB83E1EE4DF50007982DE /* Assets.xcassets in Resources */ = {isa = PBXBuildFile; fileRef = 2D5FB83D1EE4DF50007982DE /* Assets.xcassets */; };
		2D5FB8411EE4DF50007982DE /* LaunchScreen.storyboard in Resources */ = {isa = PBXBuildFile; fileRef = 2D5FB83F1EE4DF50007982DE /* LaunchScreen.storyboard */; };
		2D5FB84C1EE4DF50007982DE /* Swift_0006_TypeCastingTests.swift in Sources */ = {isa = PBXBuildFile; fileRef = 2D5FB84B1EE4DF50007982DE /* Swift_0006_TypeCastingTests.swift */; };
		2D5FB8571EE4DF50007982DE /* Swift_0006_TypeCastingUITests.swift in Sources */ = {isa = PBXBuildFile; fileRef = 2D5FB8561EE4DF50007982DE /* Swift_0006_TypeCastingUITests.swift */; };
/* End PBXBuildFile section */

/* Begin PBXContainerItemProxy section */
		2D5FB8481EE4DF50007982DE /* PBXContainerItemProxy */ = {
			isa = PBXContainerItemProxy;
			containerPortal = 2D5FB82B1EE4DF50007982DE /* Project object */;
			proxyType = 1;
			remoteGlobalIDString = 2D5FB8321EE4DF50007982DE;
			remoteInfo = "Swift-0006-TypeCasting";
		};
		2D5FB8531EE4DF50007982DE /* PBXContainerItemProxy */ = {
			isa = PBXContainerItemProxy;
			containerPortal = 2D5FB82B1EE4DF50007982DE /* Project object */;
			proxyType = 1;
			remoteGlobalIDString = 2D5FB8321EE4DF50007982DE;
			remoteInfo = "Swift-0006-TypeCasting";
		};
/* End PBXContainerItemProxy section */

/* Begin PBXFileReference section */
		2D5FB8331EE4DF50007982DE /* Swift-0006-TypeCasting.app */ = {isa = PBXFileReference; explicitFileType = wrapper.application; includeInIndex = 0; path = "Swift-0006-TypeCasting.app"; sourceTree = BUILT_PRODUCTS_DIR; };
		2D5FB8361EE4DF50007982DE /* AppDelegate.swift */ = {isa = PBXFileReference; lastKnownFileType = sourcecode.swift; path = AppDelegate.swift; sourceTree = "<group>"; };
		2D5FB8381EE4DF50007982DE /* ViewController.swift */ = {isa = PBXFileReference; lastKnownFileType = sourcecode.swift; path = ViewController.swift; sourceTree = "<group>"; };
		2D5FB83B1EE4DF50007982DE /* Base */ = {isa = PBXFileReference; lastKnownFileType = file.storyboard; name = Base; path = Base.lproj/Main.storyboard; sourceTree = "<group>"; };
		2D5FB83D1EE4DF50007982DE /* Assets.xcassets */ = {isa = PBXFileReference; lastKnownFileType = folder.assetcatalog; path = Assets.xcassets; sourceTree = "<group>"; };
		2D5FB8401EE4DF50007982DE /* Base */ = {isa = PBXFileReference; lastKnownFileType = file.storyboard; name = Base; path = Base.lproj/LaunchScreen.storyboard; sourceTree = "<group>"; };
		2D5FB8421EE4DF50007982DE /* Info.plist */ = {isa = PBXFileReference; lastKnownFileType = text.plist.xml; path = Info.plist; sourceTree = "<group>"; };
		2D5FB8471EE4DF50007982DE /* Swift-0006-TypeCastingTests.xctest */ = {isa = PBXFileReference; explicitFileType = wrapper.cfbundle; includeInIndex = 0; path = "Swift-0006-TypeCastingTests.xctest"; sourceTree = BUILT_PRODUCTS_DIR; };
		2D5FB84B1EE4DF50007982DE /* Swift_0006_TypeCastingTests.swift */ = {isa = PBXFileReference; lastKnownFileType = sourcecode.swift; path = Swift_0006_TypeCastingTests.swift; sourceTree = "<group>"; };
		2D5FB84D1EE4DF50007982DE /* Info.plist */ = {isa = PBXFileReference; lastKnownFileType = text.plist.xml; path = Info.plist; sourceTree = "<group>"; };
		2D5FB8521EE4DF50007982DE /* Swift-0006-TypeCastingUITests.xctest */ = {isa = PBXFileReference; explicitFileType = wrapper.cfbundle; includeInIndex = 0; path = "Swift-0006-TypeCastingUITests.xctest"; sourceTree = BUILT_PRODUCTS_DIR; };
		2D5FB8561EE4DF50007982DE /* Swift_0006_TypeCastingUITests.swift */ = {isa = PBXFileReference; lastKnownFileType = sourcecode.swift; path = Swift_0006_TypeCastingUITests.swift; sourceTree = "<group>"; };
		2D5FB8581EE4DF50007982DE /* Info.plist */ = {isa = PBXFileReference; lastKnownFileType = text.plist.xml; path = Info.plist; sourceTree = "<group>"; };
/* End PBXFileReference section */

/* Begin PBXFrameworksBuildPhase section */
		2D5FB8301EE4DF50007982DE /* Frameworks */ = {
			isa = PBXFrameworksBuildPhase;
			buildActionMask = 2147483647;
			files = (
			);
			runOnlyForDeploymentPostprocessing = 0;
		};
		2D5FB8441EE4DF50007982DE /* Frameworks */ = {
			isa = PBXFrameworksBuildPhase;
			buildActionMask = 2147483647;
			files = (
			);
			runOnlyForDeploymentPostprocessing = 0;
		};
		2D5FB84F1EE4DF50007982DE /* Frameworks */ = {
			isa = PBXFrameworksBuildPhase;
			buildActionMask = 2147483647;
			files = (
			);
			runOnlyForDeploymentPostprocessing = 0;
		};
/* End PBXFrameworksBuildPhase section */

/* Begin PBXGroup section */
		2D5FB82A1EE4DF50007982DE = {
			isa = PBXGroup;
			children = (
				2D5FB8351EE4DF50007982DE /* Swift-0006-TypeCasting */,
				2D5FB84A1EE4DF50007982DE /* Swift-0006-TypeCastingTests */,
				2D5FB8551EE4DF50007982DE /* Swift-0006-TypeCastingUITests */,
				2D5FB8341EE4DF50007982DE /* Products */,
			);
			sourceTree = "<group>";
		};
		2D5FB8341EE4DF50007982DE /* Products */ = {
			isa = PBXGroup;
			children = (
				2D5FB8331EE4DF50007982DE /* Swift-0006-TypeCasting.app */,
				2D5FB8471EE4DF50007982DE /* Swift-0006-TypeCastingTests.xctest */,
				2D5FB8521EE4DF50007982DE /* Swift-0006-TypeCastingUITests.xctest */,
			);
			name = Products;
			sourceTree = "<group>";
		};
		2D5FB8351EE4DF50007982DE /* Swift-0006-TypeCasting */ = {
			isa = PBXGroup;
			children = (
				2D5FB8361EE4DF50007982DE /* AppDelegate.swift */,
				2D5FB8381EE4DF50007982DE /* ViewController.swift */,
				2D5FB83A1EE4DF50007982DE /* Main.storyboard */,
				2D5FB83D1EE4DF50007982DE /* Assets.xcassets */,
				2D5FB83F1EE4DF50007982DE /* LaunchScreen.storyboard */,
				2D5FB8421EE4DF50007982DE /* Info.plist */,
			);
			path = "Swift-0006-TypeCasting";
			sourceTree = "<group>";
		};
		2D5FB84A1EE4DF50007982DE /* Swift-0006-TypeCastingTests */ = {
			isa = PBXGroup;
			children = (
				2D5FB84B1EE4DF50007982DE /* Swift_0006_TypeCastingTests.swift */,
				2D5FB84D1EE4DF50007982DE /* Info.plist */,
			);
			path = "Swift-0006-TypeCastingTests";
			sourceTree = "<group>";
		};
		2D5FB8551EE4DF50007982DE /* Swift-0006-TypeCastingUITests */ = {
			isa = PBXGroup;
			children = (
				2D5FB8561EE4DF50007982DE /* Swift_0006_TypeCastingUITests.swift */,
				2D5FB8581EE4DF50007982DE /* Info.plist */,
			);
			path = "Swift-0006-TypeCastingUITests";
			sourceTree = "<group>";
		};
/* End PBXGroup section */

/* Begin PBXNativeTarget section */
		2D5FB8321EE4DF50007982DE /* Swift-0006-TypeCasting */ = {
			isa = PBXNativeTarget;
			buildConfigurationList = 2D5FB85B1EE4DF50007982DE /* Build configuration list for PBXNativeTarget "Swift-0006-TypeCasting" */;
			buildPhases = (
				2D5FB82F1EE4DF50007982DE /* Sources */,
				2D5FB8301EE4DF50007982DE /* Frameworks */,
				2D5FB8311EE4DF50007982DE /* Resources */,
			);
			buildRules = (
			);
			dependencies = (
			);
			name = "Swift-0006-TypeCasting";
			productName = "Swift-0006-TypeCasting";
			productReference = 2D5FB8331EE4DF50007982DE /* Swift-0006-TypeCasting.app */;
			productType = "com.apple.product-type.application";
		};
		2D5FB8461EE4DF50007982DE /* Swift-0006-TypeCastingTests */ = {
			isa = PBXNativeTarget;
			buildConfigurationList = 2D5FB85E1EE4DF50007982DE /* Build configuration list for PBXNativeTarget "Swift-0006-TypeCastingTests" */;
			buildPhases = (
				2D5FB8431EE4DF50007982DE /* Sources */,
				2D5FB8441EE4DF50007982DE /* Frameworks */,
				2D5FB8451EE4DF50007982DE /* Resources */,
			);
			buildRules = (
			);
			dependencies = (
				2D5FB8491EE4DF50007982DE /* PBXTargetDependency */,
			);
			name = "Swift-0006-TypeCastingTests";
			productName = "Swift-0006-TypeCastingTests";
			productReference = 2D5FB8471EE4DF50007982DE /* Swift-0006-TypeCastingTests.xctest */;
			productType = "com.apple.product-type.bundle.unit-test";
		};
		2D5FB8511EE4DF50007982DE /* Swift-0006-TypeCastingUITests */ = {
			isa = PBXNativeTarget;
			buildConfigurationList = 2D5FB8611EE4DF50007982DE /* Build configuration list for PBXNativeTarget "Swift-0006-TypeCastingUITests" */;
			buildPhases = (
				2D5FB84E1EE4DF50007982DE /* Sources */,
				2D5FB84F1EE4DF50007982DE /* Frameworks */,
				2D5FB8501EE4DF50007982DE /* Resources */,
			);
			buildRules = (
			);
			dependencies = (
				2D5FB8541EE4DF50007982DE /* PBXTargetDependency */,
			);
			name = "Swift-0006-TypeCastingUITests";
			productName = "Swift-0006-TypeCastingUITests";
			productReference = 2D5FB8521EE4DF50007982DE /* Swift-0006-TypeCastingUITests.xctest */;
			productType = "com.apple.product-type.bundle.ui-testing";
		};
/* End PBXNativeTarget section */

/* Begin PBXProject section */
		2D5FB82B1EE4DF50007982DE /* Project object */ = {
			isa = PBXProject;
			attributes = {
				LastSwiftUpdateCheck = 0830;
				LastUpgradeCheck = 0830;
				ORGANIZATIONNAME = "Alan-App";
				TargetAttributes = {
					2D5FB8321EE4DF50007982DE = {
						CreatedOnToolsVersion = 8.3.1;
						DevelopmentTeam = 6Z764NMGW4;
						ProvisioningStyle = Automatic;
					};
					2D5FB8461EE4DF50007982DE = {
						CreatedOnToolsVersion = 8.3.1;
						DevelopmentTeam = 6Z764NMGW4;
						ProvisioningStyle = Automatic;
						TestTargetID = 2D5FB8321EE4DF50007982DE;
					};
					2D5FB8511EE4DF50007982DE = {
						CreatedOnToolsVersion = 8.3.1;
						DevelopmentTeam = 6Z764NMGW4;
						ProvisioningStyle = Automatic;
						TestTargetID = 2D5FB8321EE4DF50007982DE;
					};
				};
			};
			buildConfigurationList = 2D5FB82E1EE4DF50007982DE /* Build configuration list for PBXProject "Swift-0006-TypeCasting" */;
			compatibilityVersion = "Xcode 3.2";
			developmentRegion = English;
			hasScannedForEncodings = 0;
			knownRegions = (
				en,
				Base,
			);
			mainGroup = 2D5FB82A1EE4DF50007982DE;
			productRefGroup = 2D5FB8341EE4DF50007982DE /* Products */;
			projectDirPath = "";
			projectRoot = "";
			targets = (
				2D5FB8321EE4DF50007982DE /* Swift-0006-TypeCasting */,
				2D5FB8461EE4DF50007982DE /* Swift-0006-TypeCastingTests */,
				2D5FB8511EE4DF50007982DE /* Swift-0006-TypeCastingUITests */,
			);
		};
/* End PBXProject section */

/* Begin PBXResourcesBuildPhase section */
		2D5FB8311EE4DF50007982DE /* Resources */ = {
			isa = PBXResourcesBuildPhase;
			buildActionMask = 2147483647;
			files = (
				2D5FB8411EE4DF50007982DE /* LaunchScreen.storyboard in Resources */,
				2D5FB83E1EE4DF50007982DE /* Assets.xcassets in Resources */,
				2D5FB83C1EE4DF50007982DE /* Main.storyboard in Resources */,
			);
			runOnlyForDeploymentPostprocessing = 0;
		};
		2D5FB8451EE4DF50007982DE /* Resources */ = {
			isa = PBXResourcesBuildPhase;
			buildActionMask = 2147483647;
			files = (
			);
			runOnlyForDeploymentPostprocessing = 0;
		};
		2D5FB8501EE4DF50007982DE /* Resources */ = {
			isa = PBXResourcesBuildPhase;
			buildActionMask = 2147483647;
			files = (
			);
			runOnlyForDeploymentPostprocessing = 0;
		};
/* End PBXResourcesBuildPhase section */

/* Begin PBXSourcesBuildPhase section */
		2D5FB82F1EE4DF50007982DE /* Sources */ = {
			isa = PBXSourcesBuildPhase;
			buildActionMask = 2147483647;
			files = (
				2D5FB8391EE4DF50007982DE /* ViewController.swift in Sources */,
				2D5FB8371EE4DF50007982DE /* AppDelegate.swift in Sources */,
			);
			runOnlyForDeploymentPostprocessing = 0;
		};
		2D5FB8431EE4DF50007982DE /* Sources */ = {
			isa = PBXSourcesBuildPhase;
			buildActionMask = 2147483647;
			files = (
				2D5FB84C1EE4DF50007982DE /* Swift_0006_TypeCastingTests.swift in Sources */,
			);
			runOnlyForDeploymentPostprocessing = 0;
		};
		2D5FB84E1EE4DF50007982DE /* Sources */ = {
			isa = PBXSourcesBuildPhase;
			buildActionMask = 2147483647;
			files = (
				2D5FB8571EE4DF50007982DE /* Swift_0006_TypeCastingUITests.swift in Sources */,
			);
			runOnlyForDeploymentPostprocessing = 0;
		};
/* End PBXSourcesBuildPhase section */

/* Begin PBXTargetDependency section */
		2D5FB8491EE4DF50007982DE /* PBXTargetDependency */ = {
			isa = PBXTargetDependency;
			target = 2D5FB8321EE4DF50007982DE /* Swift-0006-TypeCasting */;
			targetProxy = 2D5FB8481EE4DF50007982DE /* PBXContainerItemProxy */;
		};
		2D5FB8541EE4DF50007982DE /* PBXTargetDependency */ = {
			isa = PBXTargetDependency;
			target = 2D5FB8321EE4DF50007982DE /* Swift-0006-TypeCasting */;
			targetProxy = 2D5FB8531EE4DF50007982DE /* PBXContainerItemProxy */;
		};
/* End PBXTargetDependency section */

/* Begin PBXVariantGroup section */
		2D5FB83A1EE4DF50007982DE /* Main.storyboard */ = {
			isa = PBXVariantGroup;
			children = (
				2D5FB83B1EE4DF50007982DE /* Base */,
			);
			name = Main.storyboard;
			sourceTree = "<group>";
		};
		2D5FB83F1EE4DF50007982DE /* LaunchScreen.storyboard */ = {
			isa = PBXVariantGroup;
			children = (
				2D5FB8401EE4DF50007982DE /* Base */,
			);
			name = LaunchScreen.storyboard;
			sourceTree = "<group>";
		};
/* End PBXVariantGroup section */

/* Begin XCBuildConfiguration section */
		2D5FB8591EE4DF50007982DE /* Debug */ = {
			isa = XCBuildConfiguration;
			buildSettings = {
				ALWAYS_SEARCH_USER_PATHS = NO;
				CLANG_ANALYZER_NONNULL = YES;
				CLANG_ANALYZER_NUMBER_OBJECT_CONVERSION = YES_AGGRESSIVE;
				CLANG_CXX_LANGUAGE_STANDARD = "gnu++0x";
				CLANG_CXX_LIBRARY = "libc++";
				CLANG_ENABLE_MODULES = YES;
				CLANG_ENABLE_OBJC_ARC = YES;
				CLANG_WARN_BOOL_CONVERSION = YES;
				CLANG_WARN_CONSTANT_CONVERSION = YES;
				CLANG_WARN_DIRECT_OBJC_ISA_USAGE = YES_ERROR;
				CLANG_WARN_DOCUMENTATION_COMMENTS = YES;
				CLANG_WARN_EMPTY_BODY = YES;
				CLANG_WARN_ENUM_CONVERSION = YES;
				CLANG_WARN_INFINITE_RECURSION = YES;
				CLANG_WARN_INT_CONVERSION = YES;
				CLANG_WARN_OBJC_ROOT_CLASS = YES_ERROR;
				CLANG_WARN_SUSPICIOUS_MOVE = YES;
				CLANG_WARN_UNREACHABLE_CODE = YES;
				CLANG_WARN__DUPLICATE_METHOD_MATCH = YES;
				"CODE_SIGN_IDENTITY[sdk=iphoneos*]" = "iPhone Developer";
				COPY_PHASE_STRIP = NO;
				DEBUG_INFORMATION_FORMAT = dwarf;
				ENABLE_STRICT_OBJC_MSGSEND = YES;
				ENABLE_TESTABILITY = YES;
				GCC_C_LANGUAGE_STANDARD = gnu99;
				GCC_DYNAMIC_NO_PIC = NO;
				GCC_NO_COMMON_BLOCKS = YES;
				GCC_OPTIMIZATION_LEVEL = 0;
				GCC_PREPROCESSOR_DEFINITIONS = (
					"DEBUG=1",
					"$(inherited)",
				);
				GCC_WARN_64_TO_32_BIT_CONVERSION = YES;
				GCC_WARN_ABOUT_RETURN_TYPE = YES_ERROR;
				GCC_WARN_UNDECLARED_SELECTOR = YES;
				GCC_WARN_UNINITIALIZED_AUTOS = YES_AGGRESSIVE;
				GCC_WARN_UNUSED_FUNCTION = YES;
				GCC_WARN_UNUSED_VARIABLE = YES;
				IPHONEOS_DEPLOYMENT_TARGET = 10.3;
				MTL_ENABLE_DEBUG_INFO = YES;
				ONLY_ACTIVE_ARCH = YES;
				SDKROOT = iphoneos;
				SWIFT_ACTIVE_COMPILATION_CONDITIONS = DEBUG;
				SWIFT_OPTIMIZATION_LEVEL = "-Onone";
			};
			name = Debug;
		};
		2D5FB85A1EE4DF50007982DE /* Release */ = {
			isa = XCBuildConfiguration;
			buildSettings = {
				ALWAYS_SEARCH_USER_PATHS = NO;
				CLANG_ANALYZER_NONNULL = YES;
				CLANG_ANALYZER_NUMBER_OBJECT_CONVERSION = YES_AGGRESSIVE;
				CLANG_CXX_LANGUAGE_STANDARD = "gnu++0x";
				CLANG_CXX_LIBRARY = "libc++";
				CLANG_ENABLE_MODULES = YES;
				CLANG_ENABLE_OBJC_ARC = YES;
				CLANG_WARN_BOOL_CONVERSION = YES;
				CLANG_WARN_CONSTANT_CONVERSION = YES;
				CLANG_WARN_DIRECT_OBJC_ISA_USAGE = YES_ERROR;
				CLANG_WARN_DOCUMENTATION_COMMENTS = YES;
				CLANG_WARN_EMPTY_BODY = YES;
				CLANG_WARN_ENUM_CONVERSION = YES;
				CLANG_WARN_INFINITE_RECURSION = YES;
				CLANG_WARN_INT_CONVERSION = YES;
				CLANG_WARN_OBJC_ROOT_CLASS = YES_ERROR;
				CLANG_WARN_SUSPICIOUS_MOVE = YES;
				CLANG_WARN_UNREACHABLE_CODE = YES;
				CLANG_WARN__DUPLICATE_METHOD_MATCH = YES;
				"CODE_SIGN_IDENTITY[sdk=iphoneos*]" = "iPhone Developer";
				COPY_PHASE_STRIP = NO;
				DEBUG_INFORMATION_FORMAT = "dwarf-with-dsym";
				ENABLE_NS_ASSERTIONS = NO;
				ENABLE_STRICT_OBJC_MSGSEND = YES;
				GCC_C_LANGUAGE_STANDARD = gnu99;
				GCC_NO_COMMON_BLOCKS = YES;
				GCC_WARN_64_TO_32_BIT_CONVERSION = YES;
				GCC_WARN_ABOUT_RETURN_TYPE = YES_ERROR;
				GCC_WARN_UNDECLARED_SELECTOR = YES;
				GCC_WARN_UNINITIALIZED_AUTOS = YES_AGGRESSIVE;
				GCC_WARN_UNUSED_FUNCTION = YES;
				GCC_WARN_UNUSED_VARIABLE = YES;
				IPHONEOS_DEPLOYMENT_TARGET = 10.3;
				MTL_ENABLE_DEBUG_INFO = NO;
				SDKROOT = iphoneos;
				SWIFT_OPTIMIZATION_LEVEL = "-Owholemodule";
				VALIDATE_PRODUCT = YES;
			};
			name = Release;
		};
		2D5FB85C1EE4DF50007982DE /* Debug */ = {
			isa = XCBuildConfiguration;
			buildSettings = {
				ASSETCATALOG_COMPILER_APPICON_NAME = AppIcon;
				DEVELOPMENT_TEAM = 6Z764NMGW4;
				INFOPLIST_FILE = "Swift-0006-TypeCasting/Info.plist";
				LD_RUNPATH_SEARCH_PATHS = "$(inherited) @executable_path/Frameworks";
				PRODUCT_BUNDLE_IDENTIFIER = "Alan.Yen.Swift-0006-TypeCasting";
				PRODUCT_NAME = "$(TARGET_NAME)";
				SWIFT_VERSION = 3.0;
			};
			name = Debug;
		};
		2D5FB85D1EE4DF50007982DE /* Release */ = {
			isa = XCBuildConfiguration;
			buildSettings = {
				ASSETCATALOG_COMPILER_APPICON_NAME = AppIcon;
				DEVELOPMENT_TEAM = 6Z764NMGW4;
				INFOPLIST_FILE = "Swift-0006-TypeCasting/Info.plist";
				LD_RUNPATH_SEARCH_PATHS = "$(inherited) @executable_path/Frameworks";
				PRODUCT_BUNDLE_IDENTIFIER = "Alan.Yen.Swift-0006-TypeCasting";
				PRODUCT_NAME = "$(TARGET_NAME)";
				SWIFT_VERSION = 3.0;
			};
			name = Release;
		};
		2D5FB85F1EE4DF50007982DE /* Debug */ = {
			isa = XCBuildConfiguration;
			buildSettings = {
				ALWAYS_EMBED_SWIFT_STANDARD_LIBRARIES = YES;
				BUNDLE_LOADER = "$(TEST_HOST)";
				DEVELOPMENT_TEAM = 6Z764NMGW4;
				INFOPLIST_FILE = "Swift-0006-TypeCastingTests/Info.plist";
				LD_RUNPATH_SEARCH_PATHS = "$(inherited) @executable_path/Frameworks @loader_path/Frameworks";
				PRODUCT_BUNDLE_IDENTIFIER = "Alan.Yen.Swift-0006-TypeCastingTests";
				PRODUCT_NAME = "$(TARGET_NAME)";
				SWIFT_VERSION = 3.0;
				TEST_HOST = "$(BUILT_PRODUCTS_DIR)/Swift-0006-TypeCasting.app/Swift-0006-TypeCasting";
			};
			name = Debug;
		};
		2D5FB8601EE4DF50007982DE /* Release */ = {
			isa = XCBuildConfiguration;
			buildSettings = {
				ALWAYS_EMBED_SWIFT_STANDARD_LIBRARIES = YES;
				BUNDLE_LOADER = "$(TEST_HOST)";
				DEVELOPMENT_TEAM = 6Z764NMGW4;
				INFOPLIST_FILE = "Swift-0006-TypeCastingTests/Info.plist";
				LD_RUNPATH_SEARCH_PATHS = "$(inherited) @executable_path/Frameworks @loader_path/Frameworks";
				PRODUCT_BUNDLE_IDENTIFIER = "Alan.Yen.Swift-0006-TypeCastingTests";
				PRODUCT_NAME = "$(TARGET_NAME)";
				SWIFT_VERSION = 3.0;
				TEST_HOST = "$(BUILT_PRODUCTS_DIR)/Swift-0006-TypeCasting.app/Swift-0006-TypeCasting";
			};
			name = Release;
		};
		2D5FB8621EE4DF50007982DE /* Debug */ = {
			isa = XCBuildConfiguration;
			buildSettings = {
				ALWAYS_EMBED_SWIFT_STANDARD_LIBRARIES = YES;
				DEVELOPMENT_TEAM = 6Z764NMGW4;
				INFOPLIST_FILE = "Swift-0006-TypeCastingUITests/Info.plist";
				LD_RUNPATH_SEARCH_PATHS = "$(inherited) @executable_path/Frameworks @loader_path/Frameworks";
				PRODUCT_BUNDLE_IDENTIFIER = "Alan.Yen.Swift-0006-TypeCastingUITests";
				PRODUCT_NAME = "$(TARGET_NAME)";
				SWIFT_VERSION = 3.0;
				TEST_TARGET_NAME = "Swift-0006-TypeCasting";
			};
			name = Debug;
		};
		2D5FB8631EE4DF50007982DE /* Release */ = {
			isa = XCBuildConfiguration;
			buildSettings = {
				ALWAYS_EMBED_SWIFT_STANDARD_LIBRARIES = YES;
				DEVELOPMENT_TEAM = 6Z764NMGW4;
				INFOPLIST_FILE = "Swift-0006-TypeCastingUITests/Info.plist";
				LD_RUNPATH_SEARCH_PATHS = "$(inherited) @executable_path/Frameworks @loader_path/Frameworks";
				PRODUCT_BUNDLE_IDENTIFIER = "Alan.Yen.Swift-0006-TypeCastingUITests";
				PRODUCT_NAME = "$(TARGET_NAME)";
				SWIFT_VERSION = 3.0;
				TEST_TARGET_NAME = "Swift-0006-TypeCasting";
			};
			name = Release;
		};
/* End XCBuildConfiguration section */

/* Begin XCConfigurationList section */
		2D5FB82E1EE4DF50007982DE /* Build configuration list for PBXProject "Swift-0006-TypeCasting" */ = {
			isa = XCConfigurationList;
			buildConfigurations = (
				2D5FB8591EE4DF50007982DE /* Debug */,
				2D5FB85A1EE4DF50007982DE /* Release */,
			);
			defaultConfigurationIsVisible = 0;
			defaultConfigurationName = Release;
		};
		2D5FB85B1EE4DF50007982DE /* Build configuration list for PBXNativeTarget "Swift-0006-TypeCasting" */ = {
			isa = XCConfigurationList;
			buildConfigurations = (
				2D5FB85C1EE4DF50007982DE /* Debug */,
				2D5FB85D1EE4DF50007982DE /* Release */,
			);
			defaultConfigurationIsVisible = 0;
		};
		2D5FB85E1EE4DF50007982DE /* Build configuration list for PBXNativeTarget "Swift-0006-TypeCastingTests" */ = {
			isa = XCConfigurationList;
			buildConfigurations = (
				2D5FB85F1EE4DF50007982DE /* Debug */,
				2D5FB8601EE4DF50007982DE /* Release */,
			);
			defaultConfigurationIsVisible = 0;
		};
		2D5FB8611EE4DF50007982DE /* Build configuration list for PBXNativeTarget "Swift-0006-TypeCastingUITests" */ = {
			isa = XCConfigurationList;
			buildConfigurations = (
				2D5FB8621EE4DF50007982DE /* Debug */,
				2D5FB8631EE4DF50007982DE /* Release */,
			);
			defaultConfigurationIsVisible = 0;
		};
/* End XCConfigurationList section */
	};
	rootObject = 2D5FB82B1EE4DF50007982DE /* Project object */;
}
