// !$*UTF8*$!
{
	archiveVersion = 1;
	classes = {
	};
	objectVersion = 46;
	objects = {

/* Begin PBXBuildFile section */
		2DA967A51EE0F23D00F567F9 /* AppDelegate.swift in Sources */ = {isa = PBXBuildFile; fileRef = 2DA967A41EE0F23D00F567F9 /* AppDelegate.swift */; };
		2DA967A71EE0F23D00F567F9 /* ViewController.swift in Sources */ = {isa = PBXBuildFile; fileRef = 2DA967A61EE0F23D00F567F9 /* ViewController.swift */; };
		2DA967AA1EE0F23D00F567F9 /* Main.storyboard in Resources */ = {isa = PBXBuildFile; fileRef = 2DA967A81EE0F23D00F567F9 /* Main.storyboard */; };
		2DA967AC1EE0F23D00F567F9 /* Assets.xcassets in Resources */ = {isa = PBXBuildFile; fileRef = 2DA967AB1EE0F23D00F567F9 /* Assets.xcassets */; };
		2DA967AF1EE0F23D00F567F9 /* LaunchScreen.storyboard in Resources */ = {isa = PBXBuildFile; fileRef = 2DA967AD1EE0F23D00F567F9 /* LaunchScreen.storyboard */; };
		2DA967BA1EE0F23D00F567F9 /* Swift_0004_OptionalChainingTests.swift in Sources */ = {isa = PBXBuildFile; fileRef = 2DA967B91EE0F23D00F567F9 /* Swift_0004_OptionalChainingTests.swift */; };
		2DA967C51EE0F23D00F567F9 /* Swift_0004_OptionalChainingUITests.swift in Sources */ = {isa = PBXBuildFile; fileRef = 2DA967C41EE0F23D00F567F9 /* Swift_0004_OptionalChainingUITests.swift */; };
/* End PBXBuildFile section */

/* Begin PBXContainerItemProxy section */
		2DA967B61EE0F23D00F567F9 /* PBXContainerItemProxy */ = {
			isa = PBXContainerItemProxy;
			containerPortal = 2DA967991EE0F23D00F567F9 /* Project object */;
			proxyType = 1;
			remoteGlobalIDString = 2DA967A01EE0F23D00F567F9;
			remoteInfo = "Swift-0004-OptionalChaining";
		};
		2DA967C11EE0F23D00F567F9 /* PBXContainerItemProxy */ = {
			isa = PBXContainerItemProxy;
			containerPortal = 2DA967991EE0F23D00F567F9 /* Project object */;
			proxyType = 1;
			remoteGlobalIDString = 2DA967A01EE0F23D00F567F9;
			remoteInfo = "Swift-0004-OptionalChaining";
		};
/* End PBXContainerItemProxy section */

/* Begin PBXFileReference section */
		2DA967A11EE0F23D00F567F9 /* Swift-0004-OptionalChaining.app */ = {isa = PBXFileReference; explicitFileType = wrapper.application; includeInIndex = 0; path = "Swift-0004-OptionalChaining.app"; sourceTree = BUILT_PRODUCTS_DIR; };
		2DA967A41EE0F23D00F567F9 /* AppDelegate.swift */ = {isa = PBXFileReference; lastKnownFileType = sourcecode.swift; path = AppDelegate.swift; sourceTree = "<group>"; };
		2DA967A61EE0F23D00F567F9 /* ViewController.swift */ = {isa = PBXFileReference; lastKnownFileType = sourcecode.swift; path = ViewController.swift; sourceTree = "<group>"; };
		2DA967A91EE0F23D00F567F9 /* Base */ = {isa = PBXFileReference; lastKnownFileType = file.storyboard; name = Base; path = Base.lproj/Main.storyboard; sourceTree = "<group>"; };
		2DA967AB1EE0F23D00F567F9 /* Assets.xcassets */ = {isa = PBXFileReference; lastKnownFileType = folder.assetcatalog; path = Assets.xcassets; sourceTree = "<group>"; };
		2DA967AE1EE0F23D00F567F9 /* Base */ = {isa = PBXFileReference; lastKnownFileType = file.storyboard; name = Base; path = Base.lproj/LaunchScreen.storyboard; sourceTree = "<group>"; };
		2DA967B01EE0F23D00F567F9 /* Info.plist */ = {isa = PBXFileReference; lastKnownFileType = text.plist.xml; path = Info.plist; sourceTree = "<group>"; };
		2DA967B51EE0F23D00F567F9 /* Swift-0004-OptionalChainingTests.xctest */ = {isa = PBXFileReference; explicitFileType = wrapper.cfbundle; includeInIndex = 0; path = "Swift-0004-OptionalChainingTests.xctest"; sourceTree = BUILT_PRODUCTS_DIR; };
		2DA967B91EE0F23D00F567F9 /* Swift_0004_OptionalChainingTests.swift */ = {isa = PBXFileReference; lastKnownFileType = sourcecode.swift; path = Swift_0004_OptionalChainingTests.swift; sourceTree = "<group>"; };
		2DA967BB1EE0F23D00F567F9 /* Info.plist */ = {isa = PBXFileReference; lastKnownFileType = text.plist.xml; path = Info.plist; sourceTree = "<group>"; };
		2DA967C01EE0F23D00F567F9 /* Swift-0004-OptionalChainingUITests.xctest */ = {isa = PBXFileReference; explicitFileType = wrapper.cfbundle; includeInIndex = 0; path = "Swift-0004-OptionalChainingUITests.xctest"; sourceTree = BUILT_PRODUCTS_DIR; };
		2DA967C41EE0F23D00F567F9 /* Swift_0004_OptionalChainingUITests.swift */ = {isa = PBXFileReference; lastKnownFileType = sourcecode.swift; path = Swift_0004_OptionalChainingUITests.swift; sourceTree = "<group>"; };
		2DA967C61EE0F23D00F567F9 /* Info.plist */ = {isa = PBXFileReference; lastKnownFileType = text.plist.xml; path = Info.plist; sourceTree = "<group>"; };
/* End PBXFileReference section */

/* Begin PBXFrameworksBuildPhase section */
		2DA9679E1EE0F23D00F567F9 /* Frameworks */ = {
			isa = PBXFrameworksBuildPhase;
			buildActionMask = 2147483647;
			files = (
			);
			runOnlyForDeploymentPostprocessing = 0;
		};
		2DA967B21EE0F23D00F567F9 /* Frameworks */ = {
			isa = PBXFrameworksBuildPhase;
			buildActionMask = 2147483647;
			files = (
			);
			runOnlyForDeploymentPostprocessing = 0;
		};
		2DA967BD1EE0F23D00F567F9 /* Frameworks */ = {
			isa = PBXFrameworksBuildPhase;
			buildActionMask = 2147483647;
			files = (
			);
			runOnlyForDeploymentPostprocessing = 0;
		};
/* End PBXFrameworksBuildPhase section */

/* Begin PBXGroup section */
		2DA967981EE0F23D00F567F9 = {
			isa = PBXGroup;
			children = (
				2DA967A31EE0F23D00F567F9 /* Swift-0004-OptionalChaining */,
				2DA967B81EE0F23D00F567F9 /* Swift-0004-OptionalChainingTests */,
				2DA967C31EE0F23D00F567F9 /* Swift-0004-OptionalChainingUITests */,
				2DA967A21EE0F23D00F567F9 /* Products */,
			);
			sourceTree = "<group>";
		};
		2DA967A21EE0F23D00F567F9 /* Products */ = {
			isa = PBXGroup;
			children = (
				2DA967A11EE0F23D00F567F9 /* Swift-0004-OptionalChaining.app */,
				2DA967B51EE0F23D00F567F9 /* Swift-0004-OptionalChainingTests.xctest */,
				2DA967C01EE0F23D00F567F9 /* Swift-0004-OptionalChainingUITests.xctest */,
			);
			name = Products;
			sourceTree = "<group>";
		};
		2DA967A31EE0F23D00F567F9 /* Swift-0004-OptionalChaining */ = {
			isa = PBXGroup;
			children = (
				2DA967A41EE0F23D00F567F9 /* AppDelegate.swift */,
				2DA967A61EE0F23D00F567F9 /* ViewController.swift */,
				2DA967A81EE0F23D00F567F9 /* Main.storyboard */,
				2DA967AB1EE0F23D00F567F9 /* Assets.xcassets */,
				2DA967AD1EE0F23D00F567F9 /* LaunchScreen.storyboard */,
				2DA967B01EE0F23D00F567F9 /* Info.plist */,
			);
			path = "Swift-0004-OptionalChaining";
			sourceTree = "<group>";
		};
		2DA967B81EE0F23D00F567F9 /* Swift-0004-OptionalChainingTests */ = {
			isa = PBXGroup;
			children = (
				2DA967B91EE0F23D00F567F9 /* Swift_0004_OptionalChainingTests.swift */,
				2DA967BB1EE0F23D00F567F9 /* Info.plist */,
			);
			path = "Swift-0004-OptionalChainingTests";
			sourceTree = "<group>";
		};
		2DA967C31EE0F23D00F567F9 /* Swift-0004-OptionalChainingUITests */ = {
			isa = PBXGroup;
			children = (
				2DA967C41EE0F23D00F567F9 /* Swift_0004_OptionalChainingUITests.swift */,
				2DA967C61EE0F23D00F567F9 /* Info.plist */,
			);
			path = "Swift-0004-OptionalChainingUITests";
			sourceTree = "<group>";
		};
/* End PBXGroup section */

/* Begin PBXNativeTarget section */
		2DA967A01EE0F23D00F567F9 /* Swift-0004-OptionalChaining */ = {
			isa = PBXNativeTarget;
			buildConfigurationList = 2DA967C91EE0F23D00F567F9 /* Build configuration list for PBXNativeTarget "Swift-0004-OptionalChaining" */;
			buildPhases = (
				2DA9679D1EE0F23D00F567F9 /* Sources */,
				2DA9679E1EE0F23D00F567F9 /* Frameworks */,
				2DA9679F1EE0F23D00F567F9 /* Resources */,
			);
			buildRules = (
			);
			dependencies = (
			);
			name = "Swift-0004-OptionalChaining";
			productName = "Swift-0004-OptionalChaining";
			productReference = 2DA967A11EE0F23D00F567F9 /* Swift-0004-OptionalChaining.app */;
			productType = "com.apple.product-type.application";
		};
		2DA967B41EE0F23D00F567F9 /* Swift-0004-OptionalChainingTests */ = {
			isa = PBXNativeTarget;
			buildConfigurationList = 2DA967CC1EE0F23D00F567F9 /* Build configuration list for PBXNativeTarget "Swift-0004-OptionalChainingTests" */;
			buildPhases = (
				2DA967B11EE0F23D00F567F9 /* Sources */,
				2DA967B21EE0F23D00F567F9 /* Frameworks */,
				2DA967B31EE0F23D00F567F9 /* Resources */,
			);
			buildRules = (
			);
			dependencies = (
				2DA967B71EE0F23D00F567F9 /* PBXTargetDependency */,
			);
			name = "Swift-0004-OptionalChainingTests";
			productName = "Swift-0004-OptionalChainingTests";
			productReference = 2DA967B51EE0F23D00F567F9 /* Swift-0004-OptionalChainingTests.xctest */;
			productType = "com.apple.product-type.bundle.unit-test";
		};
		2DA967BF1EE0F23D00F567F9 /* Swift-0004-OptionalChainingUITests */ = {
			isa = PBXNativeTarget;
			buildConfigurationList = 2DA967CF1EE0F23D00F567F9 /* Build configuration list for PBXNativeTarget "Swift-0004-OptionalChainingUITests" */;
			buildPhases = (
				2DA967BC1EE0F23D00F567F9 /* Sources */,
				2DA967BD1EE0F23D00F567F9 /* Frameworks */,
				2DA967BE1EE0F23D00F567F9 /* Resources */,
			);
			buildRules = (
			);
			dependencies = (
				2DA967C21EE0F23D00F567F9 /* PBXTargetDependency */,
			);
			name = "Swift-0004-OptionalChainingUITests";
			productName = "Swift-0004-OptionalChainingUITests";
			productReference = 2DA967C01EE0F23D00F567F9 /* Swift-0004-OptionalChainingUITests.xctest */;
			productType = "com.apple.product-type.bundle.ui-testing";
		};
/* End PBXNativeTarget section */

/* Begin PBXProject section */
		2DA967991EE0F23D00F567F9 /* Project object */ = {
			isa = PBXProject;
			attributes = {
				LastSwiftUpdateCheck = 0830;
				LastUpgradeCheck = 0830;
				ORGANIZATIONNAME = "Alan-App";
				TargetAttributes = {
					2DA967A01EE0F23D00F567F9 = {
						CreatedOnToolsVersion = 8.3.1;
						DevelopmentTeam = 6Z764NMGW4;
						ProvisioningStyle = Automatic;
					};
					2DA967B41EE0F23D00F567F9 = {
						CreatedOnToolsVersion = 8.3.1;
						DevelopmentTeam = 6Z764NMGW4;
						ProvisioningStyle = Automatic;
						TestTargetID = 2DA967A01EE0F23D00F567F9;
					};
					2DA967BF1EE0F23D00F567F9 = {
						CreatedOnToolsVersion = 8.3.1;
						DevelopmentTeam = 6Z764NMGW4;
						ProvisioningStyle = Automatic;
						TestTargetID = 2DA967A01EE0F23D00F567F9;
					};
				};
			};
			buildConfigurationList = 2DA9679C1EE0F23D00F567F9 /* Build configuration list for PBXProject "Swift-0004-OptionalChaining" */;
			compatibilityVersion = "Xcode 3.2";
			developmentRegion = English;
			hasScannedForEncodings = 0;
			knownRegions = (
				en,
				Base,
			);
			mainGroup = 2DA967981EE0F23D00F567F9;
			productRefGroup = 2DA967A21EE0F23D00F567F9 /* Products */;
			projectDirPath = "";
			projectRoot = "";
			targets = (
				2DA967A01EE0F23D00F567F9 /* Swift-0004-OptionalChaining */,
				2DA967B41EE0F23D00F567F9 /* Swift-0004-OptionalChainingTests */,
				2DA967BF1EE0F23D00F567F9 /* Swift-0004-OptionalChainingUITests */,
			);
		};
/* End PBXProject section */

/* Begin PBXResourcesBuildPhase section */
		2DA9679F1EE0F23D00F567F9 /* Resources */ = {
			isa = PBXResourcesBuildPhase;
			buildActionMask = 2147483647;
			files = (
				2DA967AF1EE0F23D00F567F9 /* LaunchScreen.storyboard in Resources */,
				2DA967AC1EE0F23D00F567F9 /* Assets.xcassets in Resources */,
				2DA967AA1EE0F23D00F567F9 /* Main.storyboard in Resources */,
			);
			runOnlyForDeploymentPostprocessing = 0;
		};
		2DA967B31EE0F23D00F567F9 /* Resources */ = {
			isa = PBXResourcesBuildPhase;
			buildActionMask = 2147483647;
			files = (
			);
			runOnlyForDeploymentPostprocessing = 0;
		};
		2DA967BE1EE0F23D00F567F9 /* Resources */ = {
			isa = PBXResourcesBuildPhase;
			buildActionMask = 2147483647;
			files = (
			);
			runOnlyForDeploymentPostprocessing = 0;
		};
/* End PBXResourcesBuildPhase section */

/* Begin PBXSourcesBuildPhase section */
		2DA9679D1EE0F23D00F567F9 /* Sources */ = {
			isa = PBXSourcesBuildPhase;
			buildActionMask = 2147483647;
			files = (
				2DA967A71EE0F23D00F567F9 /* ViewController.swift in Sources */,
				2DA967A51EE0F23D00F567F9 /* AppDelegate.swift in Sources */,
			);
			runOnlyForDeploymentPostprocessing = 0;
		};
		2DA967B11EE0F23D00F567F9 /* Sources */ = {
			isa = PBXSourcesBuildPhase;
			buildActionMask = 2147483647;
			files = (
				2DA967BA1EE0F23D00F567F9 /* Swift_0004_OptionalChainingTests.swift in Sources */,
			);
			runOnlyForDeploymentPostprocessing = 0;
		};
		2DA967BC1EE0F23D00F567F9 /* Sources */ = {
			isa = PBXSourcesBuildPhase;
			buildActionMask = 2147483647;
			files = (
				2DA967C51EE0F23D00F567F9 /* Swift_0004_OptionalChainingUITests.swift in Sources */,
			);
			runOnlyForDeploymentPostprocessing = 0;
		};
/* End PBXSourcesBuildPhase section */

/* Begin PBXTargetDependency section */
		2DA967B71EE0F23D00F567F9 /* PBXTargetDependency */ = {
			isa = PBXTargetDependency;
			target = 2DA967A01EE0F23D00F567F9 /* Swift-0004-OptionalChaining */;
			targetProxy = 2DA967B61EE0F23D00F567F9 /* PBXContainerItemProxy */;
		};
		2DA967C21EE0F23D00F567F9 /* PBXTargetDependency */ = {
			isa = PBXTargetDependency;
			target = 2DA967A01EE0F23D00F567F9 /* Swift-0004-OptionalChaining */;
			targetProxy = 2DA967C11EE0F23D00F567F9 /* PBXContainerItemProxy */;
		};
/* End PBXTargetDependency section */

/* Begin PBXVariantGroup section */
		2DA967A81EE0F23D00F567F9 /* Main.storyboard */ = {
			isa = PBXVariantGroup;
			children = (
				2DA967A91EE0F23D00F567F9 /* Base */,
			);
			name = Main.storyboard;
			sourceTree = "<group>";
		};
		2DA967AD1EE0F23D00F567F9 /* LaunchScreen.storyboard */ = {
			isa = PBXVariantGroup;
			children = (
				2DA967AE1EE0F23D00F567F9 /* Base */,
			);
			name = LaunchScreen.storyboard;
			sourceTree = "<group>";
		};
/* End PBXVariantGroup section */

/* Begin XCBuildConfiguration section */
		2DA967C71EE0F23D00F567F9 /* Debug */ = {
			isa = XCBuildConfiguration;
			buildSettings = {
				ALWAYS_SEARCH_USER_PATHS = NO;
				CLANG_ANALYZER_NONNULL = YES;
				CLANG_ANALYZER_NUMBER_OBJECT_CONVERSION = YES_AGGRESSIVE;
				CLANG_CXX_LANGUAGE_STANDARD = "gnu++0x";
				CLANG_CXX_LIBRARY = "libc++";
				CLANG_ENABLE_MODULES = YES;
				CLANG_ENABLE_OBJC_ARC = YES;
				CLANG_WARN_BOOL_CONVERSION = YES;
				CLANG_WARN_CONSTANT_CONVERSION = YES;
				CLANG_WARN_DIRECT_OBJC_ISA_USAGE = YES_ERROR;
				CLANG_WARN_DOCUMENTATION_COMMENTS = YES;
				CLANG_WARN_EMPTY_BODY = YES;
				CLANG_WARN_ENUM_CONVERSION = YES;
				CLANG_WARN_INFINITE_RECURSION = YES;
				CLANG_WARN_INT_CONVERSION = YES;
				CLANG_WARN_OBJC_ROOT_CLASS = YES_ERROR;
				CLANG_WARN_SUSPICIOUS_MOVE = YES;
				CLANG_WARN_UNREACHABLE_CODE = YES;
				CLANG_WARN__DUPLICATE_METHOD_MATCH = YES;
				"CODE_SIGN_IDENTITY[sdk=iphoneos*]" = "iPhone Developer";
				COPY_PHASE_STRIP = NO;
				DEBUG_INFORMATION_FORMAT = dwarf;
				ENABLE_STRICT_OBJC_MSGSEND = YES;
				ENABLE_TESTABILITY = YES;
				GCC_C_LANGUAGE_STANDARD = gnu99;
				GCC_DYNAMIC_NO_PIC = NO;
				GCC_NO_COMMON_BLOCKS = YES;
				GCC_OPTIMIZATION_LEVEL = 0;
				GCC_PREPROCESSOR_DEFINITIONS = (
					"DEBUG=1",
					"$(inherited)",
				);
				GCC_WARN_64_TO_32_BIT_CONVERSION = YES;
				GCC_WARN_ABOUT_RETURN_TYPE = YES_ERROR;
				GCC_WARN_UNDECLARED_SELECTOR = YES;
				GCC_WARN_UNINITIALIZED_AUTOS = YES_AGGRESSIVE;
				GCC_WARN_UNUSED_FUNCTION = YES;
				GCC_WARN_UNUSED_VARIABLE = YES;
				IPHONEOS_DEPLOYMENT_TARGET = 10.3;
				MTL_ENABLE_DEBUG_INFO = YES;
				ONLY_ACTIVE_ARCH = YES;
				SDKROOT = iphoneos;
				SWIFT_ACTIVE_COMPILATION_CONDITIONS = DEBUG;
				SWIFT_OPTIMIZATION_LEVEL = "-Onone";
			};
			name = Debug;
		};
		2DA967C81EE0F23D00F567F9 /* Release */ = {
			isa = XCBuildConfiguration;
			buildSettings = {
				ALWAYS_SEARCH_USER_PATHS = NO;
				CLANG_ANALYZER_NONNULL = YES;
				CLANG_ANALYZER_NUMBER_OBJECT_CONVERSION = YES_AGGRESSIVE;
				CLANG_CXX_LANGUAGE_STANDARD = "gnu++0x";
				CLANG_CXX_LIBRARY = "libc++";
				CLANG_ENABLE_MODULES = YES;
				CLANG_ENABLE_OBJC_ARC = YES;
				CLANG_WARN_BOOL_CONVERSION = YES;
				CLANG_WARN_CONSTANT_CONVERSION = YES;
				CLANG_WARN_DIRECT_OBJC_ISA_USAGE = YES_ERROR;
				CLANG_WARN_DOCUMENTATION_COMMENTS = YES;
				CLANG_WARN_EMPTY_BODY = YES;
				CLANG_WARN_ENUM_CONVERSION = YES;
				CLANG_WARN_INFINITE_RECURSION = YES;
				CLANG_WARN_INT_CONVERSION = YES;
				CLANG_WARN_OBJC_ROOT_CLASS = YES_ERROR;
				CLANG_WARN_SUSPICIOUS_MOVE = YES;
				CLANG_WARN_UNREACHABLE_CODE = YES;
				CLANG_WARN__DUPLICATE_METHOD_MATCH = YES;
				"CODE_SIGN_IDENTITY[sdk=iphoneos*]" = "iPhone Developer";
				COPY_PHASE_STRIP = NO;
				DEBUG_INFORMATION_FORMAT = "dwarf-with-dsym";
				ENABLE_NS_ASSERTIONS = NO;
				ENABLE_STRICT_OBJC_MSGSEND = YES;
				GCC_C_LANGUAGE_STANDARD = gnu99;
				GCC_NO_COMMON_BLOCKS = YES;
				GCC_WARN_64_TO_32_BIT_CONVERSION = YES;
				GCC_WARN_ABOUT_RETURN_TYPE = YES_ERROR;
				GCC_WARN_UNDECLARED_SELECTOR = YES;
				GCC_WARN_UNINITIALIZED_AUTOS = YES_AGGRESSIVE;
				GCC_WARN_UNUSED_FUNCTION = YES;
				GCC_WARN_UNUSED_VARIABLE = YES;
				IPHONEOS_DEPLOYMENT_TARGET = 10.3;
				MTL_ENABLE_DEBUG_INFO = NO;
				SDKROOT = iphoneos;
				SWIFT_OPTIMIZATION_LEVEL = "-Owholemodule";
				VALIDATE_PRODUCT = YES;
			};
			name = Release;
		};
		2DA967CA1EE0F23D00F567F9 /* Debug */ = {
			isa = XCBuildConfiguration;
			buildSettings = {
				ASSETCATALOG_COMPILER_APPICON_NAME = AppIcon;
				DEVELOPMENT_TEAM = 6Z764NMGW4;
				INFOPLIST_FILE = "Swift-0004-OptionalChaining/Info.plist";
				LD_RUNPATH_SEARCH_PATHS = "$(inherited) @executable_path/Frameworks";
				PRODUCT_BUNDLE_IDENTIFIER = "Alan.Yen.Swift-0004-OptionalChaining";
				PRODUCT_NAME = "$(TARGET_NAME)";
				SWIFT_VERSION = 3.0;
			};
			name = Debug;
		};
		2DA967CB1EE0F23D00F567F9 /* Release */ = {
			isa = XCBuildConfiguration;
			buildSettings = {
				ASSETCATALOG_COMPILER_APPICON_NAME = AppIcon;
				DEVELOPMENT_TEAM = 6Z764NMGW4;
				INFOPLIST_FILE = "Swift-0004-OptionalChaining/Info.plist";
				LD_RUNPATH_SEARCH_PATHS = "$(inherited) @executable_path/Frameworks";
				PRODUCT_BUNDLE_IDENTIFIER = "Alan.Yen.Swift-0004-OptionalChaining";
				PRODUCT_NAME = "$(TARGET_NAME)";
				SWIFT_VERSION = 3.0;
			};
			name = Release;
		};
		2DA967CD1EE0F23D00F567F9 /* Debug */ = {
			isa = XCBuildConfiguration;
			buildSettings = {
				ALWAYS_EMBED_SWIFT_STANDARD_LIBRARIES = YES;
				BUNDLE_LOADER = "$(TEST_HOST)";
				DEVELOPMENT_TEAM = 6Z764NMGW4;
				INFOPLIST_FILE = "Swift-0004-OptionalChainingTests/Info.plist";
				LD_RUNPATH_SEARCH_PATHS = "$(inherited) @executable_path/Frameworks @loader_path/Frameworks";
				PRODUCT_BUNDLE_IDENTIFIER = "Alan.Yen.Swift-0004-OptionalChainingTests";
				PRODUCT_NAME = "$(TARGET_NAME)";
				SWIFT_VERSION = 3.0;
				TEST_HOST = "$(BUILT_PRODUCTS_DIR)/Swift-0004-OptionalChaining.app/Swift-0004-OptionalChaining";
			};
			name = Debug;
		};
		2DA967CE1EE0F23D00F567F9 /* Release */ = {
			isa = XCBuildConfiguration;
			buildSettings = {
				ALWAYS_EMBED_SWIFT_STANDARD_LIBRARIES = YES;
				BUNDLE_LOADER = "$(TEST_HOST)";
				DEVELOPMENT_TEAM = 6Z764NMGW4;
				INFOPLIST_FILE = "Swift-0004-OptionalChainingTests/Info.plist";
				LD_RUNPATH_SEARCH_PATHS = "$(inherited) @executable_path/Frameworks @loader_path/Frameworks";
				PRODUCT_BUNDLE_IDENTIFIER = "Alan.Yen.Swift-0004-OptionalChainingTests";
				PRODUCT_NAME = "$(TARGET_NAME)";
				SWIFT_VERSION = 3.0;
				TEST_HOST = "$(BUILT_PRODUCTS_DIR)/Swift-0004-OptionalChaining.app/Swift-0004-OptionalChaining";
			};
			name = Release;
		};
		2DA967D01EE0F23D00F567F9 /* Debug */ = {
			isa = XCBuildConfiguration;
			buildSettings = {
				ALWAYS_EMBED_SWIFT_STANDARD_LIBRARIES = YES;
				DEVELOPMENT_TEAM = 6Z764NMGW4;
				INFOPLIST_FILE = "Swift-0004-OptionalChainingUITests/Info.plist";
				LD_RUNPATH_SEARCH_PATHS = "$(inherited) @executable_path/Frameworks @loader_path/Frameworks";
				PRODUCT_BUNDLE_IDENTIFIER = "Alan.Yen.Swift-0004-OptionalChainingUITests";
				PRODUCT_NAME = "$(TARGET_NAME)";
				SWIFT_VERSION = 3.0;
				TEST_TARGET_NAME = "Swift-0004-OptionalChaining";
			};
			name = Debug;
		};
		2DA967D11EE0F23D00F567F9 /* Release */ = {
			isa = XCBuildConfiguration;
			buildSettings = {
				ALWAYS_EMBED_SWIFT_STANDARD_LIBRARIES = YES;
				DEVELOPMENT_TEAM = 6Z764NMGW4;
				INFOPLIST_FILE = "Swift-0004-OptionalChainingUITests/Info.plist";
				LD_RUNPATH_SEARCH_PATHS = "$(inherited) @executable_path/Frameworks @loader_path/Frameworks";
				PRODUCT_BUNDLE_IDENTIFIER = "Alan.Yen.Swift-0004-OptionalChainingUITests";
				PRODUCT_NAME = "$(TARGET_NAME)";
				SWIFT_VERSION = 3.0;
				TEST_TARGET_NAME = "Swift-0004-OptionalChaining";
			};
			name = Release;
		};
/* End XCBuildConfiguration section */

/* Begin XCConfigurationList section */
		2DA9679C1EE0F23D00F567F9 /* Build configuration list for PBXProject "Swift-0004-OptionalChaining" */ = {
			isa = XCConfigurationList;
			buildConfigurations = (
				2DA967C71EE0F23D00F567F9 /* Debug */,
				2DA967C81EE0F23D00F567F9 /* Release */,
			);
			defaultConfigurationIsVisible = 0;
			defaultConfigurationName = Release;
		};
		2DA967C91EE0F23D00F567F9 /* Build configuration list for PBXNativeTarget "Swift-0004-OptionalChaining" */ = {
			isa = XCConfigurationList;
			buildConfigurations = (
				2DA967CA1EE0F23D00F567F9 /* Debug */,
				2DA967CB1EE0F23D00F567F9 /* Release */,
			);
			defaultConfigurationIsVisible = 0;
		};
		2DA967CC1EE0F23D00F567F9 /* Build configuration list for PBXNativeTarget "Swift-0004-OptionalChainingTests" */ = {
			isa = XCConfigurationList;
			buildConfigurations = (
				2DA967CD1EE0F23D00F567F9 /* Debug */,
				2DA967CE1EE0F23D00F567F9 /* Release */,
			);
			defaultConfigurationIsVisible = 0;
		};
		2DA967CF1EE0F23D00F567F9 /* Build configuration list for PBXNativeTarget "Swift-0004-OptionalChainingUITests" */ = {
			isa = XCConfigurationList;
			buildConfigurations = (
				2DA967D01EE0F23D00F567F9 /* Debug */,
				2DA967D11EE0F23D00F567F9 /* Release */,
			);
			defaultConfigurationIsVisible = 0;
		};
/* End XCConfigurationList section */
	};
	rootObject = 2DA967991EE0F23D00F567F9 /* Project object */;
}
